<?xml version="1.0" encoding="utf-8"?>
<Project ToolsVersion="4.0" xmlns="http://schemas.microsoft.com/developer/msbuild/2003">
  <ItemGroup>
    <Filter Include="FantomWaves">
      <UniqueIdentifier>{93995380-89BD-4b04-88EB-625FBE52EBFB}</UniqueIdentifier>
      <Extensions>h;hh;hpp;hxx;hm;inl;inc;xsd</Extensions>
    </Filter>
    <Filter Include="FantomWaves\bitflag">
      <UniqueIdentifier>{20c29061-ee5b-4507-96d5-57566fcb1ca5}</UniqueIdentifier>
    </Filter>
    <Filter Include="FantomWaves\copydire">
      <UniqueIdentifier>{21f61552-77a7-438c-b9b2-01d0c0913d6d}</UniqueIdentifier>
    </Filter>
    <Filter Include="FantomWaves\filesize">
      <UniqueIdentifier>{37432205-c2de-4ec5-902d-053260887b6f}</UniqueIdentifier>
    </Filter>
    <Filter Include="FantomWaves\newdire">
      <UniqueIdentifier>{02eb65cd-3a17-4a3d-9b4e-470adbbd02ff}</UniqueIdentifier>
    </Filter>
    <Filter Include="FantomWaves\xrandom">
      <UniqueIdentifier>{88c4ce27-9d1a-47be-a154-a13a9124bcf7}</UniqueIdentifier>
    </Filter>
    <Filter Include="FantomWaves\wav">
      <UniqueIdentifier>{3c4b0729-f881-4ce8-8973-3c6aa4215110}</UniqueIdentifier>
    </Filter>
    <Filter Include="FantomWaves\view">
      <UniqueIdentifier>{e25984b1-ef73-4493-879e-856e8463eda8}</UniqueIdentifier>
    </Filter>
    <Filter Include="FantomWaves\thread">
      <UniqueIdentifier>{cd40af97-a8cf-4705-a1f1-d4af9154152e}</UniqueIdentifier>
    </Filter>
    <Filter Include="FantomWaves\stdrandom">
      <UniqueIdentifier>{2242fa74-c0c8-476d-9f04-b5a0020211b7}</UniqueIdentifier>
    </Filter>
    <Filter Include="FantomWaves\popup">
      <UniqueIdentifier>{e12f03a6-29a0-4220-9796-1ab7a90b372d}</UniqueIdentifier>
    </Filter>
    <Filter Include="FantomWaves\path">
      <UniqueIdentifier>{66d97b80-51b2-489d-a98f-c7bb2954b227}</UniqueIdentifier>
    </Filter>
    <Filter Include="FantomWaves\newshortcut">
      <UniqueIdentifier>{159f3af4-e04d-4abe-b8de-0b42945c7a47}</UniqueIdentifier>
    </Filter>
    <Filter Include="FantomWaves\xy2radian">
      <UniqueIdentifier>{f1fdb7ef-199c-47c4-9052-043b79c27b01}</UniqueIdentifier>
    </Filter>
    <Filter Include="FantomWaves\Binfile">
      <UniqueIdentifier>{35f4b346-4c88-4665-b5b2-6cccb58ae252}</UniqueIdentifier>
    </Filter>
    <Filter Include="FantomWaves\WindowEx">
      <UniqueIdentifier>{06efe7c8-7fe8-4d64-ba0c-c50233fe94b0}</UniqueIdentifier>
    </Filter>
    <Filter Include="FantomWaves\NetWork">
      <UniqueIdentifier>{49815cbe-ed30-4f11-a96f-30d20414d130}</UniqueIdentifier>
    </Filter>
    <Filter Include="FantomWaves\NetWork\UDP">
      <UniqueIdentifier>{427c0113-2104-4e8e-b2a3-6092cc0ee9ee}</UniqueIdentifier>
    </Filter>
    <Filter Include="FantomWaves\NetWork\UDP\UDP_cliant">
      <UniqueIdentifier>{7a9b2524-3f6d-488a-a87e-ff4be206be03}</UniqueIdentifier>
    </Filter>
    <Filter Include="FantomWaves\NetWork\UDP\UDP_server">
      <UniqueIdentifier>{52cb6dfa-435d-4bf1-a4e0-f92855e73d9e}</UniqueIdentifier>
    </Filter>
    <Filter Include="FantomWaves\NetWork\UDP\UDP_hybrid">
      <UniqueIdentifier>{9d30b4da-f916-4b24-bd3a-a5cc4fcdbce1}</UniqueIdentifier>
    </Filter>
    <Filter Include="FantomWaves\NetWork\IP">
      <UniqueIdentifier>{92431c58-0d86-4879-83d4-1f2f2e632dbc}</UniqueIdentifier>
    </Filter>
    <Filter Include="FantomWaves\Bindata">
      <UniqueIdentifier>{f15f4118-b7d1-4874-ac27-f107a1c9e2b7}</UniqueIdentifier>
    </Filter>
  </ItemGroup>
  <ItemGroup>
    <ClCompile Include="main.cpp" />
    <ClCompile Include="..\..\FantomWaves_cpp\bfile.cpp">
      <Filter>FantomWaves\Binfile</Filter>
    </ClCompile>
    <ClCompile Include="..\..\FantomWaves_cpp\bitflag.cpp">
      <Filter>FantomWaves\bitflag</Filter>
    </ClCompile>
    <ClCompile Include="..\..\FantomWaves_cpp\copydire.cpp">
      <Filter>FantomWaves\copydire</Filter>
    </ClCompile>
    <ClCompile Include="..\..\FantomWaves_cpp\filesize.cpp">
      <Filter>FantomWaves\filesize</Filter>
    </ClCompile>
    <ClCompile Include="..\..\FantomWaves_cpp\newdire.cpp">
      <Filter>FantomWaves\newdire</Filter>
    </ClCompile>
    <ClCompile Include="..\..\FantomWaves_cpp\newshortcut.cpp">
      <Filter>FantomWaves\newshortcut</Filter>
    </ClCompile>
    <ClCompile Include="..\..\FantomWaves_cpp\path.cpp">
      <Filter>FantomWaves\path</Filter>
    </ClCompile>
    <ClCompile Include="..\..\FantomWaves_cpp\popup.cpp">
      <Filter>FantomWaves\popup</Filter>
    </ClCompile>
    <ClCompile Include="..\..\FantomWaves_cpp\stdrandom.cpp">
      <Filter>FantomWaves\stdrandom</Filter>
    </ClCompile>
    <ClCompile Include="..\..\FantomWaves_cpp\thread.cpp">
      <Filter>FantomWaves\thread</Filter>
    </ClCompile>
    <ClCompile Include="..\..\FantomWaves_cpp\view.cpp">
      <Filter>FantomWaves\view</Filter>
    </ClCompile>
    <ClCompile Include="..\..\FantomWaves_cpp\wav.cpp">
      <Filter>FantomWaves\wav</Filter>
    </ClCompile>
    <ClCompile Include="..\..\FantomWaves_cpp\xrandom.cpp">
      <Filter>FantomWaves\xrandom</Filter>
    </ClCompile>
    <ClCompile Include="..\..\FantomWaves_cpp\xy2radian.cpp">
      <Filter>FantomWaves\xy2radian</Filter>
    </ClCompile>
    <ClCompile Include="..\..\FantomWaves_cpp\WindowEx.cpp">
      <Filter>FantomWaves\WindowEx</Filter>
    </ClCompile>
    <ClCompile Include="..\..\FantomWaves_cpp\NetWork.cpp">
      <Filter>FantomWaves\NetWork</Filter>
    </ClCompile>
    <ClCompile Include="..\..\FantomWaves_cpp\UDP_cliant.cpp">
      <Filter>FantomWaves\NetWork\UDP\UDP_cliant</Filter>
    </ClCompile>
    <ClCompile Include="..\..\FantomWaves_cpp\IP.cpp">
      <Filter>FantomWaves\NetWork\IP</Filter>
    </ClCompile>
    <ClCompile Include="..\..\FantomWaves_cpp\Bindata.cpp">
      <Filter>FantomWaves\Bindata</Filter>
    </ClCompile>
    <ClCompile Include="..\..\FantomWaves_cpp\UDP_server.cpp">
      <Filter>FantomWaves\NetWork\UDP\UDP_server</Filter>
    </ClCompile>
    <ClCompile Include="..\..\FantomWaves_cpp\NetSurfer.cpp">
      <Filter>FantomWaves\NetWork</Filter>
    </ClCompile>
  </ItemGroup>
  <ItemGroup>
    <ClInclude Include="..\..\FantomWaves\FantomWaves.h">
      <Filter>FantomWaves</Filter>
    </ClInclude>
    <ClInclude Include="..\..\FantomWaves\fw_includes.h">
      <Filter>FantomWaves</Filter>
    </ClInclude>
    <ClInclude Include="..\..\FantomWaves\fw_nullice.h">
      <Filter>FantomWaves</Filter>
    </ClInclude>
    <ClInclude Include="..\..\FantomWaves\fw_publicdef.h">
      <Filter>FantomWaves</Filter>
    </ClInclude>
    <ClInclude Include="..\..\FantomWaves\fw_ring.h">
      <Filter>FantomWaves</Filter>
    </ClInclude>
    <ClInclude Include="..\..\FantomWaves\fw_trade.h">
      <Filter>FantomWaves</Filter>
    </ClInclude>
    <ClInclude Include="..\..\FantomWaves\fw_typedef.h">
      <Filter>FantomWaves</Filter>
    </ClInclude>
    <ClInclude Include="..\..\FantomWaves\fw_vtypedef.h">
      <Filter>FantomWaves</Filter>
    </ClInclude>
    <ClInclude Include="..\..\FantomWaves\fw_window.h">
      <Filter>FantomWaves</Filter>
    </ClInclude>
    <ClInclude Include="..\..\FantomWaves\fw_zeromemory.h">
      <Filter>FantomWaves</Filter>
    </ClInclude>
    <ClInclude Include="..\..\FantomWaves\fw_Array.h">
      <Filter>FantomWaves</Filter>
    </ClInclude>
    <ClInclude Include="..\..\FantomWaves\fw_cast.h">
      <Filter>FantomWaves</Filter>
    </ClInclude>
    <ClInclude Include="..\..\FantomWaves\fw_cnct.h">
      <Filter>FantomWaves</Filter>
    </ClInclude>
    <ClInclude Include="..\..\FantomWaves\fw_delete.h">
      <Filter>FantomWaves</Filter>
    </ClInclude>
    <ClInclude Include="..\..\FantomWaves\fw_enum_.h">
      <Filter>FantomWaves</Filter>
    </ClInclude>
    <ClInclude Include="..\..\FantomWaves\fw_eps.h">
      <Filter>FantomWaves</Filter>
    </ClInclude>
    <ClInclude Include="..\..\FantomWaves\fw_exchange.h">
      <Filter>FantomWaves</Filter>
    </ClInclude>
    <ClInclude Include="..\..\FantomWaves\fw_exeexe.h">
      <Filter>FantomWaves</Filter>
    </ClInclude>
    <ClInclude Include="..\..\FantomWaves\fw_exerror.h">
      <Filter>FantomWaves</Filter>
    </ClInclude>
    <ClInclude Include="..\..\FantomWaves\fw_Binfile.h">
      <Filter>FantomWaves\Binfile</Filter>
    </ClInclude>
    <ClInclude Include="..\..\FantomWaves\fw_bitflag.h">
      <Filter>FantomWaves\bitflag</Filter>
    </ClInclude>
    <ClInclude Include="..\..\FantomWaves\fw_copydire.h">
      <Filter>FantomWaves\copydire</Filter>
    </ClInclude>
    <ClInclude Include="..\..\FantomWaves\fw_filesize.h">
      <Filter>FantomWaves\filesize</Filter>
    </ClInclude>
    <ClInclude Include="..\..\FantomWaves\fw_newdire.h">
      <Filter>FantomWaves\newdire</Filter>
    </ClInclude>
    <ClInclude Include="..\..\FantomWaves\fw_newshortcut.h">
      <Filter>FantomWaves\newshortcut</Filter>
    </ClInclude>
    <ClInclude Include="..\..\FantomWaves\fw_path.h">
      <Filter>FantomWaves\path</Filter>
    </ClInclude>
    <ClInclude Include="..\..\FantomWaves\fw_popup.h">
      <Filter>FantomWaves\popup</Filter>
    </ClInclude>
    <ClInclude Include="..\..\FantomWaves\fw_stdrandom.h">
      <Filter>FantomWaves\stdrandom</Filter>
    </ClInclude>
    <ClInclude Include="..\..\FantomWaves\fw_thread.h">
      <Filter>FantomWaves\thread</Filter>
    </ClInclude>
    <ClInclude Include="..\..\FantomWaves\fw_view.h">
      <Filter>FantomWaves\view</Filter>
    </ClInclude>
    <ClInclude Include="..\..\FantomWaves\fw_xrandom.h">
      <Filter>FantomWaves\xrandom</Filter>
    </ClInclude>
    <ClInclude Include="..\..\FantomWaves\fw_xy2radian.h">
      <Filter>FantomWaves\xy2radian</Filter>
    </ClInclude>
    <ClInclude Include="..\..\FantomWaves\fw_Wav.h">
      <Filter>FantomWaves\wav</Filter>
    </ClInclude>
    <ClInclude Include="..\..\FantomWaves\fw_WindowEx.h">
      <Filter>FantomWaves\WindowEx</Filter>
    </ClInclude>
    <ClInclude Include="..\..\FantomWaves\fw_NetWork.h">
      <Filter>FantomWaves\NetWork</Filter>
    </ClInclude>
    <ClInclude Include="..\..\FantomWaves\fw_UDP_cliant.h">
      <Filter>FantomWaves\NetWork\UDP\UDP_cliant</Filter>
    </ClInclude>
    <ClInclude Include="..\..\FantomWaves\fw_IP.h">
      <Filter>FantomWaves\NetWork\IP</Filter>
    </ClInclude>
    <ClInclude Include="..\..\FantomWaves\fw_Bindata.h">
      <Filter>FantomWaves\Bindata</Filter>
    </ClInclude>
    <ClInclude Include="..\..\FantomWaves\fw_UDP_server.h">
      <Filter>FantomWaves\NetWork\UDP\UDP_server</Filter>
    </ClInclude>
    <ClInclude Include="..\..\FantomWaves\fw_NetSurfer.h">
      <Filter>FantomWaves\NetWork</Filter>
    </ClInclude>
  </ItemGroup>
</Project>