<?xml version="1.0" encoding="utf-8"?>
<Project ToolsVersion="4.0" xmlns="http://schemas.microsoft.com/developer/msbuild/2003">
  <ItemGroup>
    <Filter Include="FantomWaves">
      <UniqueIdentifier>{7dc85daf-6d36-4343-b7c9-bcd6eeed9a0b}</UniqueIdentifier>
    </Filter>
    <Filter Include="FantomWaves\Bindata">
      <UniqueIdentifier>{b52af217-640b-4fc8-a5d4-ec6261817597}</UniqueIdentifier>
    </Filter>
    <Filter Include="FantomWaves\Binfile">
      <UniqueIdentifier>{f2b01a14-9ad5-421f-bf87-98cc6c9e14a5}</UniqueIdentifier>
    </Filter>
    <Filter Include="FantomWaves\bitflag">
      <UniqueIdentifier>{1caf9119-6180-45b0-bd45-b33eba4ecab1}</UniqueIdentifier>
    </Filter>
    <Filter Include="FantomWaves\copydire">
      <UniqueIdentifier>{1dab9200-ad41-4770-8c40-64d17d4b3120}</UniqueIdentifier>
    </Filter>
    <Filter Include="FantomWaves\filesize">
      <UniqueIdentifier>{2443b3a7-46ae-419c-a29f-f85996d3b063}</UniqueIdentifier>
    </Filter>
    <Filter Include="FantomWaves\NetWork">
      <UniqueIdentifier>{84ec86a0-15c3-40cd-bdaa-f50b74ec6d0b}</UniqueIdentifier>
    </Filter>
    <Filter Include="FantomWaves\NetWork\IP">
      <UniqueIdentifier>{ba2d3c2d-1a0d-4825-b673-a98d08a38103}</UniqueIdentifier>
    </Filter>
    <Filter Include="FantomWaves\NetWork\UDP">
      <UniqueIdentifier>{0f3255a4-0f2e-45f1-b1ac-afe13c5b628e}</UniqueIdentifier>
    </Filter>
    <Filter Include="FantomWaves\NetWork\UDP\P2P">
      <UniqueIdentifier>{4b143f91-5791-4341-91af-b4f75ecb4fd3}</UniqueIdentifier>
    </Filter>
    <Filter Include="FantomWaves\NetWork\UDP\UDP_client">
      <UniqueIdentifier>{17d7df48-82dc-4128-8a79-6bf818bc21d9}</UniqueIdentifier>
    </Filter>
    <Filter Include="FantomWaves\NetWork\UDP\UDP_hybrid">
      <UniqueIdentifier>{3057732d-38a0-47ed-b016-ad99e5271d21}</UniqueIdentifier>
    </Filter>
    <Filter Include="FantomWaves\NetWork\UDP\UDP_server">
      <UniqueIdentifier>{e858c117-0ed9-4117-a17d-f39eecd12ffc}</UniqueIdentifier>
    </Filter>
    <Filter Include="FantomWaves\newdire">
      <UniqueIdentifier>{e9911fbc-0cb4-4b79-8fc6-98ca85cd3275}</UniqueIdentifier>
    </Filter>
    <Filter Include="FantomWaves\newshortcut">
      <UniqueIdentifier>{6814aefc-af71-4881-aa72-bc923b28fa12}</UniqueIdentifier>
    </Filter>
    <Filter Include="FantomWaves\path">
      <UniqueIdentifier>{ff432681-5f0d-45fe-9b3b-e64ae53a0851}</UniqueIdentifier>
    </Filter>
    <Filter Include="FantomWaves\popup">
      <UniqueIdentifier>{60bfa4ff-ea82-4384-b18c-987454c40433}</UniqueIdentifier>
    </Filter>
    <Filter Include="FantomWaves\stdrandom">
      <UniqueIdentifier>{79721e54-11b4-4a67-9648-755f85ec61c7}</UniqueIdentifier>
    </Filter>
    <Filter Include="FantomWaves\thread">
      <UniqueIdentifier>{30be23f3-0260-4e0f-b123-3f2d010aacce}</UniqueIdentifier>
    </Filter>
    <Filter Include="FantomWaves\view">
      <UniqueIdentifier>{6d626c96-728f-4251-a856-83ee02bf0ccb}</UniqueIdentifier>
    </Filter>
    <Filter Include="FantomWaves\wav">
      <UniqueIdentifier>{5d721ff6-633b-4901-9b49-8d9214f3f545}</UniqueIdentifier>
    </Filter>
    <Filter Include="FantomWaves\WindowEx">
      <UniqueIdentifier>{a5966a3d-eee7-4db6-a492-c8259e9411d7}</UniqueIdentifier>
    </Filter>
    <Filter Include="FantomWaves\xrandom">
      <UniqueIdentifier>{ab020477-a13a-4d21-add8-b87ee1d8d9ba}</UniqueIdentifier>
    </Filter>
    <Filter Include="FantomWaves\xy2radian">
      <UniqueIdentifier>{e14aa182-799c-44c1-aab1-ceb2abbc9f3a}</UniqueIdentifier>
    </Filter>
  </ItemGroup>
  <ItemGroup>
    <ClInclude Include="..\..\FantomWaves\fw_publicdef.h">
      <Filter>FantomWaves</Filter>
    </ClInclude>
    <ClInclude Include="..\..\FantomWaves\fw_ring.h">
      <Filter>FantomWaves</Filter>
    </ClInclude>
    <ClInclude Include="..\..\FantomWaves\fw_trade.h">
      <Filter>FantomWaves</Filter>
    </ClInclude>
    <ClInclude Include="..\..\FantomWaves\fw_typedef.h">
      <Filter>FantomWaves</Filter>
    </ClInclude>
    <ClInclude Include="..\..\FantomWaves\fw_vtypedef.h">
      <Filter>FantomWaves</Filter>
    </ClInclude>
    <ClInclude Include="..\..\FantomWaves\fw_window.h">
      <Filter>FantomWaves</Filter>
    </ClInclude>
    <ClInclude Include="..\..\FantomWaves\fw_zeromemory.h">
      <Filter>FantomWaves</Filter>
    </ClInclude>
    <ClInclude Include="..\..\FantomWaves\FantomWaves.h">
      <Filter>FantomWaves</Filter>
    </ClInclude>
    <ClInclude Include="..\..\FantomWaves\fw_Array.h">
      <Filter>FantomWaves</Filter>
    </ClInclude>
    <ClInclude Include="..\..\FantomWaves\fw_cast.h">
      <Filter>FantomWaves</Filter>
    </ClInclude>
    <ClInclude Include="..\..\FantomWaves\fw_cnct.h">
      <Filter>FantomWaves</Filter>
    </ClInclude>
    <ClInclude Include="..\..\FantomWaves\fw_delete.h">
      <Filter>FantomWaves</Filter>
    </ClInclude>
    <ClInclude Include="..\..\FantomWaves\fw_enum_.h">
      <Filter>FantomWaves</Filter>
    </ClInclude>
    <ClInclude Include="..\..\FantomWaves\fw_eps.h">
      <Filter>FantomWaves</Filter>
    </ClInclude>
    <ClInclude Include="..\..\FantomWaves\fw_exchange.h">
      <Filter>FantomWaves</Filter>
    </ClInclude>
    <ClInclude Include="..\..\FantomWaves\fw_exeexe.h">
      <Filter>FantomWaves</Filter>
    </ClInclude>
    <ClInclude Include="..\..\FantomWaves\fw_exerror.h">
      <Filter>FantomWaves</Filter>
    </ClInclude>
    <ClInclude Include="..\..\FantomWaves\fw_includes.h">
      <Filter>FantomWaves</Filter>
    </ClInclude>
    <ClInclude Include="..\..\FantomWaves\fw_nullice.h">
      <Filter>FantomWaves</Filter>
    </ClInclude>
    <ClInclude Include="..\..\FantomWaves\fw_Bindata.h">
      <Filter>FantomWaves\Bindata</Filter>
    </ClInclude>
    <ClInclude Include="..\..\FantomWaves\fw_Binfile.h">
      <Filter>FantomWaves\Binfile</Filter>
    </ClInclude>
    <ClInclude Include="..\..\FantomWaves\fw_bitflag.h">
      <Filter>FantomWaves\bitflag</Filter>
    </ClInclude>
    <ClInclude Include="..\..\FantomWaves\fw_copydire.h">
      <Filter>FantomWaves\copydire</Filter>
    </ClInclude>
    <ClInclude Include="..\..\FantomWaves\fw_filesize.h">
      <Filter>FantomWaves\filesize</Filter>
    </ClInclude>
    <ClInclude Include="..\..\FantomWaves\fw_NetSurfer.h">
      <Filter>FantomWaves\NetWork</Filter>
    </ClInclude>
    <ClInclude Include="..\..\FantomWaves\fw_NetWork.h">
      <Filter>FantomWaves\NetWork</Filter>
    </ClInclude>
    <ClInclude Include="..\..\FantomWaves\fw_IP.h">
      <Filter>FantomWaves\NetWork\IP</Filter>
    </ClInclude>
    <ClInclude Include="..\..\FantomWaves\fw_P2P.h">
      <Filter>FantomWaves\NetWork\UDP\P2P</Filter>
    </ClInclude>
    <ClInclude Include="..\..\FantomWaves\fw_UDP_cliant.h">
      <Filter>FantomWaves\NetWork\UDP\UDP_client</Filter>
    </ClInclude>
    <ClInclude Include="..\..\FantomWaves\fw_UDP_server.h">
      <Filter>FantomWaves\NetWork\UDP\UDP_server</Filter>
    </ClInclude>
    <ClInclude Include="..\..\FantomWaves\fw_newdire.h">
      <Filter>FantomWaves\newdire</Filter>
    </ClInclude>
    <ClInclude Include="..\..\FantomWaves\fw_newshortcut.h">
      <Filter>FantomWaves\newshortcut</Filter>
    </ClInclude>
    <ClInclude Include="..\..\FantomWaves\fw_path.h">
      <Filter>FantomWaves\path</Filter>
    </ClInclude>
    <ClInclude Include="..\..\FantomWaves\fw_popup.h">
      <Filter>FantomWaves\popup</Filter>
    </ClInclude>
    <ClInclude Include="..\..\FantomWaves\fw_stdrandom.h">
      <Filter>FantomWaves\stdrandom</Filter>
    </ClInclude>
    <ClInclude Include="..\..\FantomWaves\fw_thread.h">
      <Filter>FantomWaves\thread</Filter>
    </ClInclude>
    <ClInclude Include="..\..\FantomWaves\fw_view.h">
      <Filter>FantomWaves\view</Filter>
    </ClInclude>
    <ClInclude Include="..\..\FantomWaves\fw_Wav.h">
      <Filter>FantomWaves\wav</Filter>
    </ClInclude>
    <ClInclude Include="..\..\FantomWaves\fw_WindowEx.h">
      <Filter>FantomWaves\WindowEx</Filter>
    </ClInclude>
    <ClInclude Include="..\..\FantomWaves\fw_xrandom.h">
      <Filter>FantomWaves\xrandom</Filter>
    </ClInclude>
    <ClInclude Include="..\..\FantomWaves\fw_xy2radian.h">
      <Filter>FantomWaves\xy2radian</Filter>
    </ClInclude>
  </ItemGroup>
  <ItemGroup>
    <ClCompile Include="main.cpp" />
    <ClCompile Include="..\..\FantomWaves_cpp\Bindata.cpp">
      <Filter>FantomWaves\Bindata</Filter>
    </ClCompile>
    <ClCompile Include="..\..\FantomWaves_cpp\bfile.cpp">
      <Filter>FantomWaves\Binfile</Filter>
    </ClCompile>
    <ClCompile Include="..\..\FantomWaves_cpp\bitflag.cpp">
      <Filter>FantomWaves\bitflag</Filter>
    </ClCompile>
    <ClCompile Include="..\..\FantomWaves_cpp\copydire.cpp">
      <Filter>FantomWaves\copydire</Filter>
    </ClCompile>
    <ClCompile Include="..\..\FantomWaves_cpp\filesize.cpp">
      <Filter>FantomWaves\filesize</Filter>
    </ClCompile>
    <ClCompile Include="..\..\FantomWaves_cpp\NetSurfer.cpp">
      <Filter>FantomWaves\NetWork</Filter>
    </ClCompile>
    <ClCompile Include="..\..\FantomWaves_cpp\NetWork.cpp">
      <Filter>FantomWaves\NetWork</Filter>
    </ClCompile>
    <ClCompile Include="..\..\FantomWaves_cpp\IP.cpp">
      <Filter>FantomWaves\NetWork\IP</Filter>
    </ClCompile>
    <ClCompile Include="..\..\FantomWaves_cpp\P2P.cpp">
      <Filter>FantomWaves\NetWork\UDP\P2P</Filter>
    </ClCompile>
    <ClCompile Include="..\..\FantomWaves_cpp\UDP_cliant.cpp">
      <Filter>FantomWaves\NetWork\UDP\UDP_client</Filter>
    </ClCompile>
    <ClCompile Include="..\..\FantomWaves_cpp\UDP_server.cpp">
      <Filter>FantomWaves\NetWork\UDP\UDP_server</Filter>
    </ClCompile>
    <ClCompile Include="..\..\FantomWaves_cpp\newdire.cpp">
      <Filter>FantomWaves\newdire</Filter>
    </ClCompile>
    <ClCompile Include="..\..\FantomWaves_cpp\newshortcut.cpp">
      <Filter>FantomWaves\newshortcut</Filter>
    </ClCompile>
    <ClCompile Include="..\..\FantomWaves_cpp\path.cpp">
      <Filter>FantomWaves\path</Filter>
    </ClCompile>
    <ClCompile Include="..\..\FantomWaves_cpp\popup.cpp">
      <Filter>FantomWaves\popup</Filter>
    </ClCompile>
    <ClCompile Include="..\..\FantomWaves_cpp\stdrandom.cpp">
      <Filter>FantomWaves\stdrandom</Filter>
    </ClCompile>
    <ClCompile Include="..\..\FantomWaves_cpp\thread.cpp">
      <Filter>FantomWaves\thread</Filter>
    </ClCompile>
    <ClCompile Include="..\..\FantomWaves_cpp\view.cpp">
      <Filter>FantomWaves\view</Filter>
    </ClCompile>
    <ClCompile Include="..\..\FantomWaves_cpp\wav.cpp">
      <Filter>FantomWaves\wav</Filter>
    </ClCompile>
    <ClCompile Include="..\..\FantomWaves_cpp\WindowEx.cpp">
      <Filter>FantomWaves\WindowEx</Filter>
    </ClCompile>
    <ClCompile Include="..\..\FantomWaves_cpp\xrandom.cpp">
      <Filter>FantomWaves\xrandom</Filter>
    </ClCompile>
    <ClCompile Include="..\..\FantomWaves_cpp\xy2radian.cpp">
      <Filter>FantomWaves\xy2radian</Filter>
    </ClCompile>
  </ItemGroup>
</Project>